{
  "name": "sistemaComercio",
  "lockfileVersion": 3,
  "requires": true,
  "packages": {
    "": {
      "dependencies": {
        "pandas": "^0.0.3",
        "pd": "^0.8.1"
      }
    },
    "node_modules/pandas": {
      "version": "0.0.3",
      "resolved": "https://registry.npmjs.org/pandas/-/pandas-0.0.3.tgz",
      "integrity": "sha512-b6b0XOuj8mvj2Kn6qfcvPmb0ILCcbuep5VYZche3730P9cXQcvarbbvWJxwXkxc3OXyGFYjJ4kozjX5ZXXMrsw==",
      "license": "WTFPL"
    },
    "node_modules/pd": {
      "version": "0.8.1",
      "resolved": "https://registry.npmjs.org/pd/-/pd-0.8.1.tgz",
      "integrity": "sha512-mgpLfCM1w0oTn6A+sL9pVKh0ihP9OnqtciiQ+BsZYY9FTOVQLvK06q3g+hgCMLR+lRW8VPt3WpTgq7Q3xNpeDg==",
      "engines": {
        "node": ">=0.4"
      }
    }
  }
}
